
Microsoft Visual Studio Solution File, Format Version 12.00
# Visual Studio Version 17
VisualStudioVersion = 17.1.32414.318
MinimumVisualStudioVersion = 10.0.40219.1
Project("{FAE04EC0-301F-11D3-BF4B-00C04F79EFBC}") = "SistemadeBanco", "SistemadeBanco\SistemadeBanco.csproj", "{BDC24EA7-EF11-4D63-ADEE-8EDF273EB6FB}"
EndProject
Global
	GlobalSection(SolutionConfigurationPlatforms) = preSolution
		Debug|Any CPU = Debug|Any CPU
		Release|Any CPU = Release|Any CPU
	EndGlobalSection
	GlobalSection(ProjectConfigurationPlatforms) = postSolution
		{BDC24EA7-EF11-4D63-ADEE-8EDF273EB6FB}.Debug|Any CPU.ActiveCfg = Debug|Any CPU
		{BDC24EA7-EF11-4D63-ADEE-8EDF273EB6FB}.Debug|Any CPU.Build.0 = Debug|Any CPU
		{BDC24EA7-EF11-4D63-ADEE-8EDF273EB6FB}.Release|Any CPU.ActiveCfg = Release|Any CPU
		{BDC24EA7-EF11-4D63-ADEE-8EDF273EB6FB}.Release|Any CPU.Build.0 = Release|Any CPU
	EndGlobalSection
	GlobalSection(SolutionProperties) = preSolution
		HideSolutionNode = FALSE
	EndGlobalSection
	GlobalSection(ExtensibilityGlobals) = postSolution
		SolutionGuid = {F8641C3D-4DB5-43BE-B19F-F22DA12EE292}
	EndGlobalSection
EndGlobal
